
Microsoft Visual Studio Solution File, Format Version 12.00
# Visual Studio 15
VisualStudioVersion = 15.0.28010.2016
MinimumVisualStudioVersion = 10.0.40219.1
Project("{FAE04EC0-301F-11D3-BF4B-00C04F79EFBC}") = "MainWindow", "MainWindow\MainWindow.csproj", "{DFCD86E6-A316-42A8-A082-7DAF664F7464}"
EndProject
Global
	GlobalSection(SolutionConfigurationPlatforms) = preSolution
		Debug|Any CPU = Debug|Any CPU
		Release|Any CPU = Release|Any CPU
	EndGlobalSection
	GlobalSection(ProjectConfigurationPlatforms) = postSolution
		{DFCD86E6-A316-42A8-A082-7DAF664F7464}.Debug|Any CPU.ActiveCfg = Debug|Any CPU
		{DFCD86E6-A316-42A8-A082-7DAF664F7464}.Debug|Any CPU.Build.0 = Debug|Any CPU
		{DFCD86E6-A316-42A8-A082-7DAF664F7464}.Release|Any CPU.ActiveCfg = Release|Any CPU
		{DFCD86E6-A316-42A8-A082-7DAF664F7464}.Release|Any CPU.Build.0 = Release|Any CPU
	EndGlobalSection
	GlobalSection(SolutionProperties) = preSolution
		HideSolutionNode = FALSE
	EndGlobalSection
	GlobalSection(ExtensibilityGlobals) = postSolution
		SolutionGuid = {87BB29CA-5D00-4AD0-97E3-9D0A6DE4859E}
	EndGlobalSection
EndGlobal
